
Microsoft Visual Studio Solution File, Format Version 12.00
# Visual Studio Version 17
VisualStudioVersion = 17.7.34024.191
MinimumVisualStudioVersion = 10.0.40219.1
Project("{9A19103F-16F7-4668-BE54-9A1E7A4F7556}") = "AI-Training-API", "AI-Training-API\AI-Training-API.csproj", "{0A734505-D80C-4DA9-8551-5D2D4D48BF58}"
EndProject
Project("{9A19103F-16F7-4668-BE54-9A1E7A4F7556}") = "OpenAIAPI_Rystem", "OpenAIAPI_Rystem\OpenAIAPI_Rystem.csproj", "{91A926B6-BE01-4CE1-991A-72E54DA95F08}"
EndProject
Project("{9A19103F-16F7-4668-BE54-9A1E7A4F7556}") = "Shared", "ServiceInterface\Shared.csproj", "{D431187E-F1E6-4547-A596-9F9D688C75A0}"
EndProject
Project("{9A19103F-16F7-4668-BE54-9A1E7A4F7556}") = "CSharpTools", "CSharpTools\CSharpTools.csproj", "{A8D3FCDA-C33D-430D-B4A6-88FB8F5F889F}"
EndProject
Project("{9A19103F-16F7-4668-BE54-9A1E7A4F7556}") = "CSharpToolsCLI", "CSharpToolsCLI\CSharpToolsCLI.csproj", "{F0D8D11F-E164-4F12-B10D-8B8B6330A03B}"
EndProject
Project("{9A19103F-16F7-4668-BE54-9A1E7A4F7556}") = "Sorcerer", "UnityUnitTestGenerator\Sorcerer.csproj", "{CEAB99B6-7D4A-4860-9EDC-6FCA98DAB113}"
EndProject
Project("{9A19103F-16F7-4668-BE54-9A1E7A4F7556}") = "Sorcerer.Console", "UnitTestGeneratorCLI\Sorcerer.Console.csproj", "{651B9B77-2D8E-45C7-8151-D6C1B6127565}"
EndProject
Project("{9A19103F-16F7-4668-BE54-9A1E7A4F7556}") = "MDT_API", "MDT_API\MDT_API.csproj", "{82D19A00-D8E6-4C70-8436-A83AFBCDA761}"
EndProject
Project("{2150E333-8FDC-42A3-9474-1A3956D46DE8}") = "Clients", "Clients", "{1C5BAC51-9C57-461B-9E24-4D1078D663C1}"
EndProject
Project("{2150E333-8FDC-42A3-9474-1A3956D46DE8}") = "Libs", "Libs", "{9D368BB4-A52E-42A5-A841-C05BE04D474B}"
EndProject
Project("{2150E333-8FDC-42A3-9474-1A3956D46DE8}") = "Tests", "Tests", "{36AF49F0-5AF6-4290-A730-F9DE222CD111}"
EndProject
Project("{9A19103F-16F7-4668-BE54-9A1E7A4F7556}") = "UnitTests", "UnitTests\UnitTests.csproj", "{69505A14-CB87-42F4-A228-EB02B71782C6}"
EndProject
Project("{9A19103F-16F7-4668-BE54-9A1E7A4F7556}") = "FakeProject", "FakeProject\FakeProject.csproj", "{B91BA983-541C-400D-8149-0B9EE21AFB67}"
EndProject
Global
	GlobalSection(SolutionConfigurationPlatforms) = preSolution
		Debug|Any CPU = Debug|Any CPU
		Release|Any CPU = Release|Any CPU
	EndGlobalSection
	GlobalSection(ProjectConfigurationPlatforms) = postSolution
		{0A734505-D80C-4DA9-8551-5D2D4D48BF58}.Debug|Any CPU.ActiveCfg = Debug|Any CPU
		{0A734505-D80C-4DA9-8551-5D2D4D48BF58}.Debug|Any CPU.Build.0 = Debug|Any CPU
		{0A734505-D80C-4DA9-8551-5D2D4D48BF58}.Release|Any CPU.ActiveCfg = Release|Any CPU
		{0A734505-D80C-4DA9-8551-5D2D4D48BF58}.Release|Any CPU.Build.0 = Release|Any CPU
		{91A926B6-BE01-4CE1-991A-72E54DA95F08}.Debug|Any CPU.ActiveCfg = Debug|Any CPU
		{91A926B6-BE01-4CE1-991A-72E54DA95F08}.Debug|Any CPU.Build.0 = Debug|Any CPU
		{91A926B6-BE01-4CE1-991A-72E54DA95F08}.Release|Any CPU.ActiveCfg = Release|Any CPU
		{91A926B6-BE01-4CE1-991A-72E54DA95F08}.Release|Any CPU.Build.0 = Release|Any CPU
		{D431187E-F1E6-4547-A596-9F9D688C75A0}.Debug|Any CPU.ActiveCfg = Debug|Any CPU
		{D431187E-F1E6-4547-A596-9F9D688C75A0}.Debug|Any CPU.Build.0 = Debug|Any CPU
		{D431187E-F1E6-4547-A596-9F9D688C75A0}.Release|Any CPU.ActiveCfg = Release|Any CPU
		{D431187E-F1E6-4547-A596-9F9D688C75A0}.Release|Any CPU.Build.0 = Release|Any CPU
		{A8D3FCDA-C33D-430D-B4A6-88FB8F5F889F}.Debug|Any CPU.ActiveCfg = Debug|Any CPU
		{A8D3FCDA-C33D-430D-B4A6-88FB8F5F889F}.Debug|Any CPU.Build.0 = Debug|Any CPU
		{A8D3FCDA-C33D-430D-B4A6-88FB8F5F889F}.Release|Any CPU.ActiveCfg = Release|Any CPU
		{A8D3FCDA-C33D-430D-B4A6-88FB8F5F889F}.Release|Any CPU.Build.0 = Release|Any CPU
		{F0D8D11F-E164-4F12-B10D-8B8B6330A03B}.Debug|Any CPU.ActiveCfg = Debug|Any CPU
		{F0D8D11F-E164-4F12-B10D-8B8B6330A03B}.Debug|Any CPU.Build.0 = Debug|Any CPU
		{F0D8D11F-E164-4F12-B10D-8B8B6330A03B}.Release|Any CPU.ActiveCfg = Release|Any CPU
		{F0D8D11F-E164-4F12-B10D-8B8B6330A03B}.Release|Any CPU.Build.0 = Release|Any CPU
		{CEAB99B6-7D4A-4860-9EDC-6FCA98DAB113}.Debug|Any CPU.ActiveCfg = Debug|Any CPU
		{CEAB99B6-7D4A-4860-9EDC-6FCA98DAB113}.Debug|Any CPU.Build.0 = Debug|Any CPU
		{CEAB99B6-7D4A-4860-9EDC-6FCA98DAB113}.Release|Any CPU.ActiveCfg = Release|Any CPU
		{CEAB99B6-7D4A-4860-9EDC-6FCA98DAB113}.Release|Any CPU.Build.0 = Release|Any CPU
		{651B9B77-2D8E-45C7-8151-D6C1B6127565}.Debug|Any CPU.ActiveCfg = Debug|Any CPU
		{651B9B77-2D8E-45C7-8151-D6C1B6127565}.Debug|Any CPU.Build.0 = Debug|Any CPU
		{651B9B77-2D8E-45C7-8151-D6C1B6127565}.Release|Any CPU.ActiveCfg = Release|Any CPU
		{651B9B77-2D8E-45C7-8151-D6C1B6127565}.Release|Any CPU.Build.0 = Release|Any CPU
		{82D19A00-D8E6-4C70-8436-A83AFBCDA761}.Debug|Any CPU.ActiveCfg = Debug|Any CPU
		{82D19A00-D8E6-4C70-8436-A83AFBCDA761}.Debug|Any CPU.Build.0 = Debug|Any CPU
		{82D19A00-D8E6-4C70-8436-A83AFBCDA761}.Release|Any CPU.ActiveCfg = Release|Any CPU
		{82D19A00-D8E6-4C70-8436-A83AFBCDA761}.Release|Any CPU.Build.0 = Release|Any CPU
		{69505A14-CB87-42F4-A228-EB02B71782C6}.Debug|Any CPU.ActiveCfg = Debug|Any CPU
		{69505A14-CB87-42F4-A228-EB02B71782C6}.Debug|Any CPU.Build.0 = Debug|Any CPU
		{69505A14-CB87-42F4-A228-EB02B71782C6}.Release|Any CPU.ActiveCfg = Release|Any CPU
		{69505A14-CB87-42F4-A228-EB02B71782C6}.Release|Any CPU.Build.0 = Release|Any CPU
		{B91BA983-541C-400D-8149-0B9EE21AFB67}.Debug|Any CPU.ActiveCfg = Debug|Any CPU
		{B91BA983-541C-400D-8149-0B9EE21AFB67}.Debug|Any CPU.Build.0 = Debug|Any CPU
		{B91BA983-541C-400D-8149-0B9EE21AFB67}.Release|Any CPU.ActiveCfg = Release|Any CPU
		{B91BA983-541C-400D-8149-0B9EE21AFB67}.Release|Any CPU.Build.0 = Release|Any CPU
	EndGlobalSection
	GlobalSection(SolutionProperties) = preSolution
		HideSolutionNode = FALSE
	EndGlobalSection
	GlobalSection(NestedProjects) = preSolution
		{0A734505-D80C-4DA9-8551-5D2D4D48BF58} = {1C5BAC51-9C57-461B-9E24-4D1078D663C1}
		{91A926B6-BE01-4CE1-991A-72E54DA95F08} = {9D368BB4-A52E-42A5-A841-C05BE04D474B}
		{D431187E-F1E6-4547-A596-9F9D688C75A0} = {9D368BB4-A52E-42A5-A841-C05BE04D474B}
		{A8D3FCDA-C33D-430D-B4A6-88FB8F5F889F} = {9D368BB4-A52E-42A5-A841-C05BE04D474B}
		{F0D8D11F-E164-4F12-B10D-8B8B6330A03B} = {1C5BAC51-9C57-461B-9E24-4D1078D663C1}
		{CEAB99B6-7D4A-4860-9EDC-6FCA98DAB113} = {9D368BB4-A52E-42A5-A841-C05BE04D474B}
		{651B9B77-2D8E-45C7-8151-D6C1B6127565} = {1C5BAC51-9C57-461B-9E24-4D1078D663C1}
		{82D19A00-D8E6-4C70-8436-A83AFBCDA761} = {9D368BB4-A52E-42A5-A841-C05BE04D474B}
		{69505A14-CB87-42F4-A228-EB02B71782C6} = {36AF49F0-5AF6-4290-A730-F9DE222CD111}
		{B91BA983-541C-400D-8149-0B9EE21AFB67} = {36AF49F0-5AF6-4290-A730-F9DE222CD111}
	EndGlobalSection
	GlobalSection(ExtensibilityGlobals) = postSolution
		SolutionGuid = {8AE2D2FA-332C-4AAF-94C6-BF8CA4D096DE}
	EndGlobalSection
EndGlobal
